<?xml version="1.0" encoding="utf-8"?>
<Project ToolsVersion="4.0" xmlns="http://schemas.microsoft.com/developer/msbuild/2003">
  <ItemGroup>
    <Filter Include="Archivos de origen">
      <UniqueIdentifier>{4FC737F1-C7A5-4376-A066-2A32D752A2FF}</UniqueIdentifier>
      <Extensions>cpp;c;cc;cxx;c++;cppm;ixx;def;odl;idl;hpj;bat;asm;asmx</Extensions>
    </Filter>
    <Filter Include="Archivos de encabezado">
      <UniqueIdentifier>{93995380-89BD-4b04-88EB-625FBE52EBFB}</UniqueIdentifier>
      <Extensions>h;hh;hpp;hxx;h++;hm;inl;inc;ipp;xsd</Extensions>
    </Filter>
    <Filter Include="Archivos de recursos">
      <UniqueIdentifier>{67DA6AB6-F800-4c08-8B7A-83BB121AAD01}</UniqueIdentifier>
      <Extensions>rc;ico;cur;bmp;dlg;rc2;rct;bin;rgs;gif;jpg;jpeg;jpe;resx;tiff;tif;png;wav;mfcribbon-ms</Extensions>
    </Filter>
    <Filter Include="Archivos de encabezado\Samplers">
      <UniqueIdentifier>{03696001-7978-432c-a1b2-5776df7b1d9b}</UniqueIdentifier>
    </Filter>
    <Filter Include="Archivos de origen\Samplers">
      <UniqueIdentifier>{ffa32158-d37e-44a7-8d09-b2558e270474}</UniqueIdentifier>
    </Filter>
    <Filter Include="Archivos de encabezado\Cameras">
      <UniqueIdentifier>{ff339f33-1648-408d-ad1c-a6963c8b5358}</UniqueIdentifier>
    </Filter>
    <Filter Include="Archivos de origen\Cameras">
      <UniqueIdentifier>{473cdb96-6284-4d08-8fd5-b64333420203}</UniqueIdentifier>
    </Filter>
    <Filter Include="Maths">
      <UniqueIdentifier>{de3d802e-666a-41a2-854b-8e5b1dff145b}</UniqueIdentifier>
    </Filter>
    <Filter Include="Archivos de encabezado\Shapes">
      <UniqueIdentifier>{13c679fc-7899-497f-af4b-c3b46a780494}</UniqueIdentifier>
    </Filter>
    <Filter Include="Archivos de origen\Shapes">
      <UniqueIdentifier>{da05fffe-0312-4ea6-9a4e-0715710c3283}</UniqueIdentifier>
    </Filter>
    <Filter Include="Archivos de encabezado\Lights">
      <UniqueIdentifier>{f5a78750-a66b-461f-9bc9-430a15568414}</UniqueIdentifier>
    </Filter>
    <Filter Include="Archivos de origen\Lights">
      <UniqueIdentifier>{55d9023b-fe7d-4145-a7a4-a37ca3413f4e}</UniqueIdentifier>
    </Filter>
    <Filter Include="Archivos de encabezado\Tracers">
      <UniqueIdentifier>{a51c316d-db38-4f9b-81db-20b257e5e230}</UniqueIdentifier>
    </Filter>
    <Filter Include="Archivos de encabezado\BRDF">
      <UniqueIdentifier>{cfc1e97f-c3d6-4efc-97bd-e95a6e2c9daf}</UniqueIdentifier>
    </Filter>
    <Filter Include="Archivos de origen\BRDF">
      <UniqueIdentifier>{accf3120-3be3-4db3-8d27-04ccc6f76843}</UniqueIdentifier>
    </Filter>
    <Filter Include="Archivos de encabezado\Materials">
      <UniqueIdentifier>{5b7c2fd2-7bdf-4f0e-bded-8c0feaf9fc11}</UniqueIdentifier>
    </Filter>
    <Filter Include="Archivos de origen\Materials">
      <UniqueIdentifier>{e246923a-4ad4-4ba9-b5e0-4e88ce5833a9}</UniqueIdentifier>
    </Filter>
  </ItemGroup>
  <ItemGroup>
    <ClCompile Include="src\Source.cpp">
      <Filter>Archivos de origen</Filter>
    </ClCompile>
    <ClCompile Include="src\point3D.cpp">
      <Filter>Archivos de origen</Filter>
    </ClCompile>
    <ClCompile Include="src\World.cpp">
      <Filter>Archivos de origen</Filter>
    </ClCompile>
    <ClCompile Include="src\jlSampler.cpp">
      <Filter>Archivos de origen\Samplers</Filter>
    </ClCompile>
    <ClCompile Include="src\jlCamera.cpp">
      <Filter>Archivos de origen</Filter>
    </ClCompile>
    <ClCompile Include="src\jlCPinhole.cpp">
      <Filter>Archivos de origen\Cameras</Filter>
    </ClCompile>
    <ClCompile Include="src\jlQuaternion.cpp">
      <Filter>Maths</Filter>
    </ClCompile>
    <ClCompile Include="src\Plane.cpp">
      <Filter>Archivos de origen\Shapes</Filter>
    </ClCompile>
    <ClCompile Include="src\Sphere.cpp">
      <Filter>Archivos de origen\Shapes</Filter>
    </ClCompile>
    <ClCompile Include="src\jlBox.cpp">
      <Filter>Archivos de origen\Shapes</Filter>
    </ClCompile>
    <ClCompile Include="src\jlCylinder.cpp">
      <Filter>Archivos de origen\Shapes</Filter>
    </ClCompile>
    <ClCompile Include="src\jlCThinLens.cpp">
      <Filter>Archivos de origen\Cameras</Filter>
    </ClCompile>
    <ClCompile Include="src\jlPointLight.cpp">
      <Filter>Archivos de origen\Lights</Filter>
    </ClCompile>
    <ClCompile Include="src\jlMaterial.cpp">
      <Filter>Archivos de origen</Filter>
    </ClCompile>
    <ClCompile Include="src\jlBRDFLambertian.cpp">
      <Filter>Archivos de origen\BRDF</Filter>
    </ClCompile>
    <ClCompile Include="src\jlMMatte.cpp">
      <Filter>Archivos de origen\Materials</Filter>
    </ClCompile>
  </ItemGroup>
  <ItemGroup>
    <ClInclude Include="include\ray.h">
      <Filter>Archivos de encabezado</Filter>
    </ClInclude>
    <ClInclude Include="include\point3D.h">
      <Filter>Archivos de encabezado</Filter>
    </ClInclude>
    <ClInclude Include="include\Prerequisites.h">
      <Filter>Archivos de encabezado</Filter>
    </ClInclude>
    <ClInclude Include="include\geometriObject.h">
      <Filter>Archivos de encabezado</Filter>
    </ClInclude>
    <ClInclude Include="include\shadeRec.h">
      <Filter>Archivos de encabezado</Filter>
    </ClInclude>
    <ClInclude Include="include\World.h">
      <Filter>Archivos de encabezado</Filter>
    </ClInclude>
    <ClInclude Include="include\ViewPlane.h">
      <Filter>Archivos de encabezado</Filter>
    </ClInclude>
    <ClInclude Include="include\Tracer.h">
      <Filter>Archivos de encabezado</Filter>
    </ClInclude>
    <ClInclude Include="include\jlSampler.h">
      <Filter>Archivos de encabezado</Filter>
    </ClInclude>
    <ClInclude Include="include\jlSJittered.h">
      <Filter>Archivos de encabezado\Samplers</Filter>
    </ClInclude>
    <ClInclude Include="include\jRegularSampler.h">
      <Filter>Archivos de encabezado\Samplers</Filter>
    </ClInclude>
    <ClInclude Include="include\jlCamera.h">
      <Filter>Archivos de encabezado</Filter>
    </ClInclude>
    <ClInclude Include="include\jlCPinhole.h">
      <Filter>Archivos de encabezado\Cameras</Filter>
    </ClInclude>
    <ClInclude Include="include\jlQuaternion.h">
      <Filter>Maths</Filter>
    </ClInclude>
    <ClInclude Include="include\Sphere.h">
      <Filter>Archivos de encabezado\Shapes</Filter>
    </ClInclude>
    <ClInclude Include="include\Plane.h">
      <Filter>Archivos de encabezado\Shapes</Filter>
    </ClInclude>
    <ClInclude Include="include\jlBox.h">
      <Filter>Archivos de encabezado\Shapes</Filter>
    </ClInclude>
    <ClInclude Include="include\jlCylinder.h">
      <Filter>Archivos de encabezado\Shapes</Filter>
    </ClInclude>
    <ClInclude Include="include\jlCThinLens.h">
      <Filter>Archivos de encabezado\Cameras</Filter>
    </ClInclude>
    <ClInclude Include="include\jlLight.h">
      <Filter>Archivos de encabezado</Filter>
    </ClInclude>
    <ClInclude Include="include\jlAmbientLight.h">
      <Filter>Archivos de encabezado\Lights</Filter>
    </ClInclude>
    <ClInclude Include="include\jlPointLight.h">
      <Filter>Archivos de encabezado\Lights</Filter>
    </ClInclude>
    <ClInclude Include="include\jlMaterial.h">
      <Filter>Archivos de encabezado</Filter>
    </ClInclude>
    <ClInclude Include="include\tSingleSphere.h">
      <Filter>Archivos de encabezado\Tracers</Filter>
    </ClInclude>
    <ClInclude Include="include\jlTRayCast.h">
      <Filter>Archivos de encabezado\Tracers</Filter>
    </ClInclude>
    <ClInclude Include="include\tMultipleObject.h">
      <Filter>Archivos de encabezado\Samplers</Filter>
    </ClInclude>
    <ClInclude Include="include\jlBRDF.h">
      <Filter>Archivos de encabezado</Filter>
    </ClInclude>
    <ClInclude Include="include\jlBRDFLambertian.h">
      <Filter>Archivos de encabezado\BRDF</Filter>
    </ClInclude>
    <ClInclude Include="include\jlMMatte.h">
      <Filter>Archivos de encabezado\Materials</Filter>
    </ClInclude>
  </ItemGroup>
</Project>